
Microsoft Visual Studio Solution File, Format Version 12.00
# Visual Studio Version 17
VisualStudioVersion = 17.8.34322.80
MinimumVisualStudioVersion = 10.0.40219.1
Project("{FAE04EC0-301F-11D3-BF4B-00C04F79EFBC}") = "otthon_gyakorlas_20240326", "otthon_gyakorlas_20240326\otthon_gyakorlas_20240326.csproj", "{45BA2A96-1872-43C6-888F-3A7ED119A172}"
EndProject
Global
	GlobalSection(SolutionConfigurationPlatforms) = preSolution
		Debug|Any CPU = Debug|Any CPU
		Release|Any CPU = Release|Any CPU
	EndGlobalSection
	GlobalSection(ProjectConfigurationPlatforms) = postSolution
		{45BA2A96-1872-43C6-888F-3A7ED119A172}.Debug|Any CPU.ActiveCfg = Debug|Any CPU
		{45BA2A96-1872-43C6-888F-3A7ED119A172}.Debug|Any CPU.Build.0 = Debug|Any CPU
		{45BA2A96-1872-43C6-888F-3A7ED119A172}.Release|Any CPU.ActiveCfg = Release|Any CPU
		{45BA2A96-1872-43C6-888F-3A7ED119A172}.Release|Any CPU.Build.0 = Release|Any CPU
	EndGlobalSection
	GlobalSection(SolutionProperties) = preSolution
		HideSolutionNode = FALSE
	EndGlobalSection
	GlobalSection(ExtensibilityGlobals) = postSolution
		SolutionGuid = {B255A878-8915-41B7-B895-4DB6460DD2E7}
	EndGlobalSection
EndGlobal
