
Microsoft Visual Studio Solution File, Format Version 12.00
# Visual Studio Version 17
VisualStudioVersion = 17.8.34322.80
MinimumVisualStudioVersion = 10.0.40219.1
Project("{FAE04EC0-301F-11D3-BF4B-00C04F79EFBC}") = "c#8_gyakorlas", "c#8_gyakorlas\c#8_gyakorlas.csproj", "{72151941-5524-4C84-9179-96C12BB143BF}"
EndProject
Global
	GlobalSection(SolutionConfigurationPlatforms) = preSolution
		Debug|Any CPU = Debug|Any CPU
		Release|Any CPU = Release|Any CPU
	EndGlobalSection
	GlobalSection(ProjectConfigurationPlatforms) = postSolution
		{72151941-5524-4C84-9179-96C12BB143BF}.Debug|Any CPU.ActiveCfg = Debug|Any CPU
		{72151941-5524-4C84-9179-96C12BB143BF}.Debug|Any CPU.Build.0 = Debug|Any CPU
		{72151941-5524-4C84-9179-96C12BB143BF}.Release|Any CPU.ActiveCfg = Release|Any CPU
		{72151941-5524-4C84-9179-96C12BB143BF}.Release|Any CPU.Build.0 = Release|Any CPU
	EndGlobalSection
	GlobalSection(SolutionProperties) = preSolution
		HideSolutionNode = FALSE
	EndGlobalSection
	GlobalSection(ExtensibilityGlobals) = postSolution
		SolutionGuid = {1979D8E3-A573-4D55-8B17-A4695D3A1210}
	EndGlobalSection
EndGlobal
