
Microsoft Visual Studio Solution File, Format Version 12.00
# Visual Studio Version 17
VisualStudioVersion = 17.8.34322.80
MinimumVisualStudioVersion = 10.0.40219.1
Project("{FAE04EC0-301F-11D3-BF4B-00C04F79EFBC}") = "Nyolcadik_C#_projekt", "Nyolcadik_C#_projekt.csproj", "{5B855A2B-C22E-4F8C-A5D0-BDCCFA3E57BE}"
EndProject
Global
	GlobalSection(SolutionConfigurationPlatforms) = preSolution
		Debug|Any CPU = Debug|Any CPU
		Release|Any CPU = Release|Any CPU
	EndGlobalSection
	GlobalSection(ProjectConfigurationPlatforms) = postSolution
		{5B855A2B-C22E-4F8C-A5D0-BDCCFA3E57BE}.Debug|Any CPU.ActiveCfg = Debug|Any CPU
		{5B855A2B-C22E-4F8C-A5D0-BDCCFA3E57BE}.Debug|Any CPU.Build.0 = Debug|Any CPU
		{5B855A2B-C22E-4F8C-A5D0-BDCCFA3E57BE}.Release|Any CPU.ActiveCfg = Release|Any CPU
		{5B855A2B-C22E-4F8C-A5D0-BDCCFA3E57BE}.Release|Any CPU.Build.0 = Release|Any CPU
	EndGlobalSection
	GlobalSection(SolutionProperties) = preSolution
		HideSolutionNode = FALSE
	EndGlobalSection
	GlobalSection(ExtensibilityGlobals) = postSolution
		SolutionGuid = {EEBDBDC1-1639-4AC8-BE02-A13677022C2E}
	EndGlobalSection
EndGlobal
