
Microsoft Visual Studio Solution File, Format Version 12.00
# Visual Studio Version 17
VisualStudioVersion = 17.8.34322.80
MinimumVisualStudioVersion = 10.0.40219.1
Project("{FAE04EC0-301F-11D3-BF4B-00C04F79EFBC}") = "Matekozas_2", "Matekozas_2\Matekozas_2.csproj", "{C44616B5-4C02-46A4-9F73-BB5518F3F27B}"
EndProject
Global
	GlobalSection(SolutionConfigurationPlatforms) = preSolution
		Debug|Any CPU = Debug|Any CPU
		Release|Any CPU = Release|Any CPU
	EndGlobalSection
	GlobalSection(ProjectConfigurationPlatforms) = postSolution
		{C44616B5-4C02-46A4-9F73-BB5518F3F27B}.Debug|Any CPU.ActiveCfg = Debug|Any CPU
		{C44616B5-4C02-46A4-9F73-BB5518F3F27B}.Debug|Any CPU.Build.0 = Debug|Any CPU
		{C44616B5-4C02-46A4-9F73-BB5518F3F27B}.Release|Any CPU.ActiveCfg = Release|Any CPU
		{C44616B5-4C02-46A4-9F73-BB5518F3F27B}.Release|Any CPU.Build.0 = Release|Any CPU
	EndGlobalSection
	GlobalSection(SolutionProperties) = preSolution
		HideSolutionNode = FALSE
	EndGlobalSection
	GlobalSection(ExtensibilityGlobals) = postSolution
		SolutionGuid = {BFACFE60-1D46-4028-8C54-DAA66E9AA6FA}
	EndGlobalSection
EndGlobal
