
Microsoft Visual Studio Solution File, Format Version 12.00
# Visual Studio Version 17
VisualStudioVersion = 17.8.34322.80
MinimumVisualStudioVersion = 10.0.40219.1
Project("{FAE04EC0-301F-11D3-BF4B-00C04F79EFBC}") = "Leszarmazas", "Leszarmazas\Leszarmazas.csproj", "{261954BD-D325-4245-8BF8-7284EBCE0AA6}"
EndProject
Global
	GlobalSection(SolutionConfigurationPlatforms) = preSolution
		Debug|Any CPU = Debug|Any CPU
		Release|Any CPU = Release|Any CPU
	EndGlobalSection
	GlobalSection(ProjectConfigurationPlatforms) = postSolution
		{261954BD-D325-4245-8BF8-7284EBCE0AA6}.Debug|Any CPU.ActiveCfg = Debug|Any CPU
		{261954BD-D325-4245-8BF8-7284EBCE0AA6}.Debug|Any CPU.Build.0 = Debug|Any CPU
		{261954BD-D325-4245-8BF8-7284EBCE0AA6}.Release|Any CPU.ActiveCfg = Release|Any CPU
		{261954BD-D325-4245-8BF8-7284EBCE0AA6}.Release|Any CPU.Build.0 = Release|Any CPU
	EndGlobalSection
	GlobalSection(SolutionProperties) = preSolution
		HideSolutionNode = FALSE
	EndGlobalSection
	GlobalSection(ExtensibilityGlobals) = postSolution
		SolutionGuid = {A76BFF6B-71F7-4802-A4E9-80DD963D77E9}
	EndGlobalSection
EndGlobal
