
Microsoft Visual Studio Solution File, Format Version 12.00
# Visual Studio Version 17
VisualStudioVersion = 17.9.34616.47
MinimumVisualStudioVersion = 10.0.40219.1
Project("{FAE04EC0-301F-11D3-BF4B-00C04F79EFBC}") = "elso", "elso\elso.csproj", "{5175BD38-73BB-4668-84D6-75884CD1CE77}"
EndProject
Global
	GlobalSection(SolutionConfigurationPlatforms) = preSolution
		Debug|Any CPU = Debug|Any CPU
		Release|Any CPU = Release|Any CPU
	EndGlobalSection
	GlobalSection(ProjectConfigurationPlatforms) = postSolution
		{5175BD38-73BB-4668-84D6-75884CD1CE77}.Debug|Any CPU.ActiveCfg = Debug|Any CPU
		{5175BD38-73BB-4668-84D6-75884CD1CE77}.Debug|Any CPU.Build.0 = Debug|Any CPU
		{5175BD38-73BB-4668-84D6-75884CD1CE77}.Release|Any CPU.ActiveCfg = Release|Any CPU
		{5175BD38-73BB-4668-84D6-75884CD1CE77}.Release|Any CPU.Build.0 = Release|Any CPU
	EndGlobalSection
	GlobalSection(SolutionProperties) = preSolution
		HideSolutionNode = FALSE
	EndGlobalSection
	GlobalSection(ExtensibilityGlobals) = postSolution
		SolutionGuid = {EB3A07B0-7330-41B3-9941-A6ADC6FE3DD4}
	EndGlobalSection
EndGlobal
