
Microsoft Visual Studio Solution File, Format Version 12.00
# Visual Studio Version 17
VisualStudioVersion = 17.9.34616.47
MinimumVisualStudioVersion = 10.0.40219.1
Project("{FAE04EC0-301F-11D3-BF4B-00C04F79EFBC}") = "elso", "elso\elso.csproj", "{892B7732-FA25-4CB4-8AC3-8E0E00631BC1}"
EndProject
Global
	GlobalSection(SolutionConfigurationPlatforms) = preSolution
		Debug|Any CPU = Debug|Any CPU
		Release|Any CPU = Release|Any CPU
	EndGlobalSection
	GlobalSection(ProjectConfigurationPlatforms) = postSolution
		{892B7732-FA25-4CB4-8AC3-8E0E00631BC1}.Debug|Any CPU.ActiveCfg = Debug|Any CPU
		{892B7732-FA25-4CB4-8AC3-8E0E00631BC1}.Debug|Any CPU.Build.0 = Debug|Any CPU
		{892B7732-FA25-4CB4-8AC3-8E0E00631BC1}.Release|Any CPU.ActiveCfg = Release|Any CPU
		{892B7732-FA25-4CB4-8AC3-8E0E00631BC1}.Release|Any CPU.Build.0 = Release|Any CPU
	EndGlobalSection
	GlobalSection(SolutionProperties) = preSolution
		HideSolutionNode = FALSE
	EndGlobalSection
	GlobalSection(ExtensibilityGlobals) = postSolution
		SolutionGuid = {A9A0285E-06DB-4D51-8247-7677B4640533}
	EndGlobalSection
EndGlobal
