
Microsoft Visual Studio Solution File, Format Version 12.00
# Visual Studio Version 17
VisualStudioVersion = 17.9.34616.47
MinimumVisualStudioVersion = 10.0.40219.1
Project("{FAE04EC0-301F-11D3-BF4B-00C04F79EFBC}") = "gyakorlas20240308masodik", "gyakorlas20240308masodik\gyakorlas20240308masodik.csproj", "{61E1088D-558C-467F-A695-4F7BCA734E5F}"
EndProject
Global
	GlobalSection(SolutionConfigurationPlatforms) = preSolution
		Debug|Any CPU = Debug|Any CPU
		Release|Any CPU = Release|Any CPU
	EndGlobalSection
	GlobalSection(ProjectConfigurationPlatforms) = postSolution
		{61E1088D-558C-467F-A695-4F7BCA734E5F}.Debug|Any CPU.ActiveCfg = Debug|Any CPU
		{61E1088D-558C-467F-A695-4F7BCA734E5F}.Debug|Any CPU.Build.0 = Debug|Any CPU
		{61E1088D-558C-467F-A695-4F7BCA734E5F}.Release|Any CPU.ActiveCfg = Release|Any CPU
		{61E1088D-558C-467F-A695-4F7BCA734E5F}.Release|Any CPU.Build.0 = Release|Any CPU
	EndGlobalSection
	GlobalSection(SolutionProperties) = preSolution
		HideSolutionNode = FALSE
	EndGlobalSection
	GlobalSection(ExtensibilityGlobals) = postSolution
		SolutionGuid = {F9D1EE4F-B0F1-409A-B9E3-D58134DC0A52}
	EndGlobalSection
EndGlobal
