
Microsoft Visual Studio Solution File, Format Version 12.00
# Visual Studio Version 17
VisualStudioVersion = 17.9.34616.47
MinimumVisualStudioVersion = 10.0.40219.1
Project("{FAE04EC0-301F-11D3-BF4B-00C04F79EFBC}") = "gyakorlas_auto20240322", "gyakorlas_auto20240322\gyakorlas_auto20240322.csproj", "{1A8F248E-30DF-44CE-997F-C06738631D8D}"
EndProject
Global
	GlobalSection(SolutionConfigurationPlatforms) = preSolution
		Debug|Any CPU = Debug|Any CPU
		Release|Any CPU = Release|Any CPU
	EndGlobalSection
	GlobalSection(ProjectConfigurationPlatforms) = postSolution
		{1A8F248E-30DF-44CE-997F-C06738631D8D}.Debug|Any CPU.ActiveCfg = Debug|Any CPU
		{1A8F248E-30DF-44CE-997F-C06738631D8D}.Debug|Any CPU.Build.0 = Debug|Any CPU
		{1A8F248E-30DF-44CE-997F-C06738631D8D}.Release|Any CPU.ActiveCfg = Release|Any CPU
		{1A8F248E-30DF-44CE-997F-C06738631D8D}.Release|Any CPU.Build.0 = Release|Any CPU
	EndGlobalSection
	GlobalSection(SolutionProperties) = preSolution
		HideSolutionNode = FALSE
	EndGlobalSection
	GlobalSection(ExtensibilityGlobals) = postSolution
		SolutionGuid = {868200E5-1F22-4811-AC24-0F72EB4CAAE9}
	EndGlobalSection
EndGlobal
