
Microsoft Visual Studio Solution File, Format Version 12.00
# Visual Studio Version 17
VisualStudioVersion = 17.8.34322.80
MinimumVisualStudioVersion = 10.0.40219.1
Project("{FAE04EC0-301F-11D3-BF4B-00C04F79EFBC}") = "Hatodik_C#_projekt", "Hatodik_C#_projekt.csproj", "{567E5F28-CC15-4584-B454-A1302FCC1B7A}"
EndProject
Global
	GlobalSection(SolutionConfigurationPlatforms) = preSolution
		Debug|Any CPU = Debug|Any CPU
		Release|Any CPU = Release|Any CPU
	EndGlobalSection
	GlobalSection(ProjectConfigurationPlatforms) = postSolution
		{567E5F28-CC15-4584-B454-A1302FCC1B7A}.Debug|Any CPU.ActiveCfg = Debug|Any CPU
		{567E5F28-CC15-4584-B454-A1302FCC1B7A}.Debug|Any CPU.Build.0 = Debug|Any CPU
		{567E5F28-CC15-4584-B454-A1302FCC1B7A}.Release|Any CPU.ActiveCfg = Release|Any CPU
		{567E5F28-CC15-4584-B454-A1302FCC1B7A}.Release|Any CPU.Build.0 = Release|Any CPU
	EndGlobalSection
	GlobalSection(SolutionProperties) = preSolution
		HideSolutionNode = FALSE
	EndGlobalSection
	GlobalSection(ExtensibilityGlobals) = postSolution
		SolutionGuid = {E3C0CEA6-46F6-419A-A52C-0033BA6CA453}
	EndGlobalSection
EndGlobal
