
Microsoft Visual Studio Solution File, Format Version 12.00
# Visual Studio Version 17
VisualStudioVersion = 17.8.34322.80
MinimumVisualStudioVersion = 10.0.40219.1
Project("{FAE04EC0-301F-11D3-BF4B-00C04F79EFBC}") = "Hetedik_c#_projekt", "Hetedik_c#_projekt.csproj", "{5C41CBCA-74AA-4EDA-9574-0E4A9A3541C9}"
EndProject
Global
	GlobalSection(SolutionConfigurationPlatforms) = preSolution
		Debug|Any CPU = Debug|Any CPU
		Release|Any CPU = Release|Any CPU
	EndGlobalSection
	GlobalSection(ProjectConfigurationPlatforms) = postSolution
		{5C41CBCA-74AA-4EDA-9574-0E4A9A3541C9}.Debug|Any CPU.ActiveCfg = Debug|Any CPU
		{5C41CBCA-74AA-4EDA-9574-0E4A9A3541C9}.Debug|Any CPU.Build.0 = Debug|Any CPU
		{5C41CBCA-74AA-4EDA-9574-0E4A9A3541C9}.Release|Any CPU.ActiveCfg = Release|Any CPU
		{5C41CBCA-74AA-4EDA-9574-0E4A9A3541C9}.Release|Any CPU.Build.0 = Release|Any CPU
	EndGlobalSection
	GlobalSection(SolutionProperties) = preSolution
		HideSolutionNode = FALSE
	EndGlobalSection
	GlobalSection(ExtensibilityGlobals) = postSolution
		SolutionGuid = {89BFD743-C857-40DD-8842-9E1932F62B22}
	EndGlobalSection
EndGlobal
